{
  "name": "tennis",
  "lockfileVersion": 3,
  "requires": true,
  "packages": {
    "": {
      "dependencies": {
        "nuxi": "^3.20.0"
      }
    },
    "node_modules/nuxi": {
      "version": "3.20.0",
      "resolved": "https://registry.npmjs.org/nuxi/-/nuxi-3.20.0.tgz",
      "integrity": "sha512-E1R6QvUoinlAkP1EMesU0Dn1xLDLFli9LzaVAYdsmC2frHGIc15jMDRzwkAgK/8ae0H+tjHlfi/Qps/jZwF+7g==",
      "license": "MIT",
      "bin": {
        "nuxi": "bin/nuxi.mjs",
        "nuxi-ng": "bin/nuxi.mjs",
        "nuxt": "bin/nuxi.mjs",
        "nuxt-cli": "bin/nuxi.mjs"
      },
      "engines": {
        "node": "^16.10.0 || >=18.0.0"
      }
    }
  }
}
